
Microsoft Visual Studio Solution File, Format Version 12.00
# Visual Studio 15
VisualStudioVersion = 15.0.27130.2027
MinimumVisualStudioVersion = 10.0.40219.1
Project("{FAE04EC0-301F-11D3-BF4B-00C04F79EFBC}") = "EFCoreRollback", "EFCoreRollback\EFCoreRollback.csproj", "{290CBE5B-2A51-42D6-BC68-AAD9E301E1D5}"
EndProject
Global
	GlobalSection(SolutionConfigurationPlatforms) = preSolution
		Debug|Any CPU = Debug|Any CPU
		Release|Any CPU = Release|Any CPU
	EndGlobalSection
	GlobalSection(ProjectConfigurationPlatforms) = postSolution
		{290CBE5B-2A51-42D6-BC68-AAD9E301E1D5}.Debug|Any CPU.ActiveCfg = Debug|Any CPU
		{290CBE5B-2A51-42D6-BC68-AAD9E301E1D5}.Debug|Any CPU.Build.0 = Debug|Any CPU
		{290CBE5B-2A51-42D6-BC68-AAD9E301E1D5}.Release|Any CPU.ActiveCfg = Release|Any CPU
		{290CBE5B-2A51-42D6-BC68-AAD9E301E1D5}.Release|Any CPU.Build.0 = Release|Any CPU
	EndGlobalSection
	GlobalSection(SolutionProperties) = preSolution
		HideSolutionNode = FALSE
	EndGlobalSection
	GlobalSection(ExtensibilityGlobals) = postSolution
		SolutionGuid = {B4B52B2C-3395-4445-88D2-573625B1EFB7}
	EndGlobalSection
EndGlobal
